
Microsoft Visual Studio Solution File, Format Version 12.00
# Visual Studio Version 17
VisualStudioVersion = 17.4.33205.214
MinimumVisualStudioVersion = 10.0.40219.1
Project("{9A19103F-16F7-4668-BE54-9A1E7A4F7556}") = "Acme.Demo", "src\Acme.Demo\Acme.Demo.csproj", "{8ED5CF65-097D-47B7-8469-773A6518FAC5}"
EndProject
Global
	GlobalSection(SolutionConfigurationPlatforms) = preSolution
		Debug|Any CPU = Debug|Any CPU
		Release|Any CPU = Release|Any CPU
	EndGlobalSection
	GlobalSection(ProjectConfigurationPlatforms) = postSolution
		{8ED5CF65-097D-47B7-8469-773A6518FAC5}.Debug|Any CPU.ActiveCfg = Debug|Any CPU
		{8ED5CF65-097D-47B7-8469-773A6518FAC5}.Debug|Any CPU.Build.0 = Debug|Any CPU
		{8ED5CF65-097D-47B7-8469-773A6518FAC5}.Release|Any CPU.ActiveCfg = Release|Any CPU
		{8ED5CF65-097D-47B7-8469-773A6518FAC5}.Release|Any CPU.Build.0 = Release|Any CPU
	EndGlobalSection
	GlobalSection(SolutionProperties) = preSolution
		HideSolutionNode = FALSE
	EndGlobalSection
	GlobalSection(ExtensibilityGlobals) = postSolution
		SolutionGuid = {80B6CB1D-D3FF-477F-A3E2-B404113CEFBB}
	EndGlobalSection
EndGlobal
